// !$*UTF8*$!
{
	archiveVersion = 1;
	classes = {
	};
	objectVersion = 60;
	objects = {

/* Begin PBXBuildFile section */
		A10000010000000000000001 /* AptosWalletApp.swift in Sources */ = {isa = PBXBuildFile; fileRef = A10000020000000000000001; };
		A10000010000000000000002 /* ContentView.swift in Sources */ = {isa = PBXBuildFile; fileRef = A10000020000000000000002; };
		A10000010000000000000003 /* WalletViewModel.swift in Sources */ = {isa = PBXBuildFile; fileRef = A10000020000000000000003; };
		A10000010000000000000004 /* WalletTabView.swift in Sources */ = {isa = PBXBuildFile; fileRef = A10000020000000000000004; };
		A10000010000000000000005 /* SendTabView.swift in Sources */ = {isa = PBXBuildFile; fileRef = A10000020000000000000005; };
		A10000010000000000000006 /* SettingsTabView.swift in Sources */ = {isa = PBXBuildFile; fileRef = A10000020000000000000006; };
		A10000010000000000000007 /* BalanceCardView.swift in Sources */ = {isa = PBXBuildFile; fileRef = A10000020000000000000007; };
		A10000010000000000000008 /* TransactionRowView.swift in Sources */ = {isa = PBXBuildFile; fileRef = A10000020000000000000008; };
		A10000010000000000000009 /* AddressDisplayView.swift in Sources */ = {isa = PBXBuildFile; fileRef = A10000020000000000000009; };
		A1000001000000000000000A /* AppError.swift in Sources */ = {isa = PBXBuildFile; fileRef = A1000002000000000000000A; };
		A1000001000000000000000B /* KeychainService.swift in Sources */ = {isa = PBXBuildFile; fileRef = A1000002000000000000000B; };
		A1000001000000000000000C /* FormatUtils.swift in Sources */ = {isa = PBXBuildFile; fileRef = A1000002000000000000000C; };
		A1000001000000000000000D /* Assets.xcassets in Resources */ = {isa = PBXBuildFile; fileRef = A1000002000000000000000D; };
/* End PBXBuildFile section */

/* Begin PBXFileReference section */
		A10000020000000000000001 /* AptosWalletApp.swift */ = {isa = PBXFileReference; lastKnownFileType = sourcecode.swift; path = AptosWalletApp.swift; sourceTree = "<group>"; };
		A10000020000000000000002 /* ContentView.swift */ = {isa = PBXFileReference; lastKnownFileType = sourcecode.swift; path = ContentView.swift; sourceTree = "<group>"; };
		A10000020000000000000003 /* WalletViewModel.swift */ = {isa = PBXFileReference; lastKnownFileType = sourcecode.swift; path = WalletViewModel.swift; sourceTree = "<group>"; };
		A10000020000000000000004 /* WalletTabView.swift */ = {isa = PBXFileReference; lastKnownFileType = sourcecode.swift; path = WalletTabView.swift; sourceTree = "<group>"; };
		A10000020000000000000005 /* SendTabView.swift */ = {isa = PBXFileReference; lastKnownFileType = sourcecode.swift; path = SendTabView.swift; sourceTree = "<group>"; };
		A10000020000000000000006 /* SettingsTabView.swift */ = {isa = PBXFileReference; lastKnownFileType = sourcecode.swift; path = SettingsTabView.swift; sourceTree = "<group>"; };
		A10000020000000000000007 /* BalanceCardView.swift */ = {isa = PBXFileReference; lastKnownFileType = sourcecode.swift; path = BalanceCardView.swift; sourceTree = "<group>"; };
		A10000020000000000000008 /* TransactionRowView.swift */ = {isa = PBXFileReference; lastKnownFileType = sourcecode.swift; path = TransactionRowView.swift; sourceTree = "<group>"; };
		A10000020000000000000009 /* AddressDisplayView.swift */ = {isa = PBXFileReference; lastKnownFileType = sourcecode.swift; path = AddressDisplayView.swift; sourceTree = "<group>"; };
		A1000002000000000000000A /* AppError.swift */ = {isa = PBXFileReference; lastKnownFileType = sourcecode.swift; path = AppError.swift; sourceTree = "<group>"; };
		A1000002000000000000000B /* KeychainService.swift */ = {isa = PBXFileReference; lastKnownFileType = sourcecode.swift; path = KeychainService.swift; sourceTree = "<group>"; };
		A1000002000000000000000C /* FormatUtils.swift */ = {isa = PBXFileReference; lastKnownFileType = sourcecode.swift; path = FormatUtils.swift; sourceTree = "<group>"; };
		A1000002000000000000000D /* Assets.xcassets */ = {isa = PBXFileReference; lastKnownFileType = folder.assetcatalog; path = Assets.xcassets; sourceTree = "<group>"; };
		A10000030000000000000001 /* AptosWallet.app */ = {isa = PBXFileReference; explicitFileType = wrapper.application; includeInIndex = 0; path = AptosWallet.app; sourceTree = BUILT_PRODUCTS_DIR; };
/* End PBXFileReference section */

/* Begin PBXFrameworksBuildPhase section */
		A10000040000000000000001 /* Frameworks */ = {
			isa = PBXFrameworksBuildPhase;
			buildActionMask = 2147483647;
			files = (
			);
			runOnlyForDeploymentPostprocessing = 0;
		};
/* End PBXFrameworksBuildPhase section */

/* Begin PBXGroup section */
		A10000050000000000000001 /* Root */ = {
			isa = PBXGroup;
			children = (
				A10000050000000000000002 /* AptosWallet */,
				A10000050000000000000009 /* Products */,
			);
			sourceTree = "<group>";
		};
		A10000050000000000000002 /* AptosWallet */ = {
			isa = PBXGroup;
			children = (
				A10000020000000000000001 /* AptosWalletApp.swift */,
				A10000020000000000000002 /* ContentView.swift */,
				A10000050000000000000003 /* ViewModels */,
				A10000050000000000000004 /* Views */,
				A10000050000000000000006 /* Models */,
				A10000050000000000000007 /* Services */,
				A10000050000000000000008 /* Utilities */,
				A1000002000000000000000D /* Assets.xcassets */,
			);
			path = AptosWallet;
			sourceTree = "<group>";
		};
		A10000050000000000000003 /* ViewModels */ = {
			isa = PBXGroup;
			children = (
				A10000020000000000000003 /* WalletViewModel.swift */,
			);
			path = ViewModels;
			sourceTree = "<group>";
		};
		A10000050000000000000004 /* Views */ = {
			isa = PBXGroup;
			children = (
				A10000020000000000000004 /* WalletTabView.swift */,
				A10000020000000000000005 /* SendTabView.swift */,
				A10000020000000000000006 /* SettingsTabView.swift */,
				A10000050000000000000005 /* Components */,
			);
			path = Views;
			sourceTree = "<group>";
		};
		A10000050000000000000005 /* Components */ = {
			isa = PBXGroup;
			children = (
				A10000020000000000000007 /* BalanceCardView.swift */,
				A10000020000000000000008 /* TransactionRowView.swift */,
				A10000020000000000000009 /* AddressDisplayView.swift */,
			);
			path = Components;
			sourceTree = "<group>";
		};
		A10000050000000000000006 /* Models */ = {
			isa = PBXGroup;
			children = (
				A1000002000000000000000A /* AppError.swift */,
			);
			path = Models;
			sourceTree = "<group>";
		};
		A10000050000000000000007 /* Services */ = {
			isa = PBXGroup;
			children = (
				A1000002000000000000000B /* KeychainService.swift */,
			);
			path = Services;
			sourceTree = "<group>";
		};
		A10000050000000000000008 /* Utilities */ = {
			isa = PBXGroup;
			children = (
				A1000002000000000000000C /* FormatUtils.swift */,
			);
			path = Utilities;
			sourceTree = "<group>";
		};
		A10000050000000000000009 /* Products */ = {
			isa = PBXGroup;
			children = (
				A10000030000000000000001 /* AptosWallet.app */,
			);
			name = Products;
			sourceTree = "<group>";
		};
/* End PBXGroup section */

/* Begin PBXNativeTarget section */
		A10000060000000000000001 /* AptosWallet */ = {
			isa = PBXNativeTarget;
			buildConfigurationList = A10000080000000000000003 /* Build configuration list for PBXNativeTarget "AptosWallet" */;
			buildPhases = (
				A10000070000000000000001 /* Sources */,
				A10000040000000000000001 /* Frameworks */,
				A10000070000000000000002 /* Resources */,
			);
			buildRules = (
			);
			dependencies = (
			);
			name = AptosWallet;
			packageProductDependencies = (
				A1000009000000000000000A /* AptosSDK */,
			);
			productName = AptosWallet;
			productReference = A10000030000000000000001 /* AptosWallet.app */;
			productType = "com.apple.product-type.application";
		};
/* End PBXNativeTarget section */

/* Begin PBXProject section */
		A10000080000000000000001 /* Project object */ = {
			isa = PBXProject;
			attributes = {
				BuildIndependentTargetsInParallel = 1;
				LastSwiftUpdateCheck = 1600;
				LastUpgradeCheck = 1600;
				TargetAttributes = {
					A10000060000000000000001 = {
						CreatedOnToolsVersion = 16.0;
					};
				};
			};
			buildConfigurationList = A10000080000000000000002 /* Build configuration list for PBXProject "AptosWallet" */;
			compatibilityVersion = "Xcode 15.0";
			developmentRegion = en;
			hasScannedForEncodings = 0;
			knownRegions = (
				en,
				Base,
			);
			mainGroup = A10000050000000000000001;
			packageReferences = (
				A10000090000000000000001 /* XCLocalSwiftPackageReference "../../" */,
			);
			productRefGroup = A10000050000000000000009 /* Products */;
			projectDirPath = "";
			projectRoot = "";
			targets = (
				A10000060000000000000001 /* AptosWallet */,
			);
		};
/* End PBXProject section */

/* Begin PBXResourcesBuildPhase section */
		A10000070000000000000002 /* Resources */ = {
			isa = PBXResourcesBuildPhase;
			buildActionMask = 2147483647;
			files = (
				A1000001000000000000000D /* Assets.xcassets in Resources */,
			);
			runOnlyForDeploymentPostprocessing = 0;
		};
/* End PBXResourcesBuildPhase section */

/* Begin PBXSourcesBuildPhase section */
		A10000070000000000000001 /* Sources */ = {
			isa = PBXSourcesBuildPhase;
			buildActionMask = 2147483647;
			files = (
				A10000010000000000000001 /* AptosWalletApp.swift in Sources */,
				A10000010000000000000002 /* ContentView.swift in Sources */,
				A10000010000000000000003 /* WalletViewModel.swift in Sources */,
				A10000010000000000000004 /* WalletTabView.swift in Sources */,
				A10000010000000000000005 /* SendTabView.swift in Sources */,
				A10000010000000000000006 /* SettingsTabView.swift in Sources */,
				A10000010000000000000007 /* BalanceCardView.swift in Sources */,
				A10000010000000000000008 /* TransactionRowView.swift in Sources */,
				A10000010000000000000009 /* AddressDisplayView.swift in Sources */,
				A1000001000000000000000A /* AppError.swift in Sources */,
				A1000001000000000000000B /* KeychainService.swift in Sources */,
				A1000001000000000000000C /* FormatUtils.swift in Sources */,
			);
			runOnlyForDeploymentPostprocessing = 0;
		};
/* End PBXSourcesBuildPhase section */

/* Begin XCBuildConfiguration section */
		A1000008000000000000000A /* Debug */ = {
			isa = XCBuildConfiguration;
			buildSettings = {
				ALWAYS_SEARCH_USER_PATHS = NO;
				ASSETCATALOG_COMPILER_GENERATE_SWIFT_ASSET_SYMBOL_EXTENSIONS = YES;
				CLANG_ANALYZER_NONNULL = YES;
				CLANG_CXX_LANGUAGE_STANDARD = "gnu++20";
				CLANG_ENABLE_MODULES = YES;
				CLANG_ENABLE_OBJC_ARC = YES;
				COPY_PHASE_STRIP = NO;
				DEBUG_INFORMATION_FORMAT = dwarf;
				ENABLE_STRICT_OBJC_MSGSEND = YES;
				ENABLE_TESTABILITY = YES;
				GCC_DYNAMIC_NO_PIC = NO;
				GCC_OPTIMIZATION_LEVEL = 0;
				GCC_PREPROCESSOR_DEFINITIONS = (
					"DEBUG=1",
					"$(inherited)",
				);
				GCC_WARN_ABOUT_RETURN_TYPE = YES_ERROR;
				GCC_WARN_UNINITIALIZED_AUTOS = YES_AGGRESSIVE;
				IPHONEOS_DEPLOYMENT_TARGET = 17.0;
				MTL_ENABLE_DEBUG_INFO = INCLUDE_SOURCE;
				ONLY_ACTIVE_ARCH = YES;
				SDKROOT = iphoneos;
				SWIFT_ACTIVE_COMPILATION_CONDITIONS = "$(inherited) DEBUG";
				SWIFT_OPTIMIZATION_LEVEL = "-Onone";
				SWIFT_VERSION = 6.0;
			};
			name = Debug;
		};
		A1000008000000000000000B /* Release */ = {
			isa = XCBuildConfiguration;
			buildSettings = {
				ALWAYS_SEARCH_USER_PATHS = NO;
				ASSETCATALOG_COMPILER_GENERATE_SWIFT_ASSET_SYMBOL_EXTENSIONS = YES;
				CLANG_ANALYZER_NONNULL = YES;
				CLANG_CXX_LANGUAGE_STANDARD = "gnu++20";
				CLANG_ENABLE_MODULES = YES;
				CLANG_ENABLE_OBJC_ARC = YES;
				COPY_PHASE_STRIP = NO;
				DEBUG_INFORMATION_FORMAT = "dwarf-with-dsym";
				ENABLE_NS_ASSERTIONS = NO;
				ENABLE_STRICT_OBJC_MSGSEND = YES;
				GCC_WARN_ABOUT_RETURN_TYPE = YES_ERROR;
				GCC_WARN_UNINITIALIZED_AUTOS = YES_AGGRESSIVE;
				IPHONEOS_DEPLOYMENT_TARGET = 17.0;
				SDKROOT = iphoneos;
				SWIFT_COMPILATION_MODE = wholemodule;
				SWIFT_VERSION = 6.0;
				VALIDATE_PRODUCT = YES;
			};
			name = Release;
		};
		A1000008000000000000000C /* Debug */ = {
			isa = XCBuildConfiguration;
			buildSettings = {
				ASSETCATALOG_COMPILER_APPICON_NAME = AppIcon;
				ASSETCATALOG_COMPILER_GLOBAL_ACCENT_COLOR_NAME = AccentColor;
				CODE_SIGN_STYLE = Automatic;
				CURRENT_PROJECT_VERSION = 1;
				DEVELOPMENT_TEAM = "";
				ENABLE_PREVIEWS = YES;
				GENERATE_INFOPLIST_FILE = YES;
				INFOPLIST_KEY_UIApplicationSceneManifest_Generation = YES;
				INFOPLIST_KEY_UIApplicationSupportsIndirectInputEvents = YES;
				INFOPLIST_KEY_UILaunchScreen_Generation = YES;
				INFOPLIST_KEY_UISupportedInterfaceOrientations_iPad = "UIInterfaceOrientationPortrait UIInterfaceOrientationPortraitUpsideDown UIInterfaceOrientationLandscapeLeft UIInterfaceOrientationLandscapeRight";
				INFOPLIST_KEY_UISupportedInterfaceOrientations_iPhone = "UIInterfaceOrientationPortrait UIInterfaceOrientationLandscapeLeft UIInterfaceOrientationLandscapeRight";
				LD_RUNPATH_SEARCH_PATHS = (
					"$(inherited)",
					"@executable_path/Frameworks",
				);
				MARKETING_VERSION = 1.0;
				PRODUCT_BUNDLE_IDENTIFIER = com.example.AptosWallet;
				PRODUCT_NAME = "$(TARGET_NAME)";
				STRICT_CONCURRENCY = complete;
				SWIFT_EMIT_LOC_STRINGS = YES;
				SWIFT_STRICT_CONCURRENCY = complete;
				SWIFT_VERSION = 6.0;
				TARGETED_DEVICE_FAMILY = "1,2";
			};
			name = Debug;
		};
		A1000008000000000000000D /* Release */ = {
			isa = XCBuildConfiguration;
			buildSettings = {
				ASSETCATALOG_COMPILER_APPICON_NAME = AppIcon;
				ASSETCATALOG_COMPILER_GLOBAL_ACCENT_COLOR_NAME = AccentColor;
				CODE_SIGN_STYLE = Automatic;
				CURRENT_PROJECT_VERSION = 1;
				DEVELOPMENT_TEAM = "";
				ENABLE_PREVIEWS = YES;
				GENERATE_INFOPLIST_FILE = YES;
				INFOPLIST_KEY_UIApplicationSceneManifest_Generation = YES;
				INFOPLIST_KEY_UIApplicationSupportsIndirectInputEvents = YES;
				INFOPLIST_KEY_UILaunchScreen_Generation = YES;
				INFOPLIST_KEY_UISupportedInterfaceOrientations_iPad = "UIInterfaceOrientationPortrait UIInterfaceOrientationPortraitUpsideDown UIInterfaceOrientationLandscapeLeft UIInterfaceOrientationLandscapeRight";
				INFOPLIST_KEY_UISupportedInterfaceOrientations_iPhone = "UIInterfaceOrientationPortrait UIInterfaceOrientationLandscapeLeft UIInterfaceOrientationLandscapeRight";
				LD_RUNPATH_SEARCH_PATHS = (
					"$(inherited)",
					"@executable_path/Frameworks",
				);
				MARKETING_VERSION = 1.0;
				PRODUCT_BUNDLE_IDENTIFIER = com.example.AptosWallet;
				PRODUCT_NAME = "$(TARGET_NAME)";
				STRICT_CONCURRENCY = complete;
				SWIFT_EMIT_LOC_STRINGS = YES;
				SWIFT_STRICT_CONCURRENCY = complete;
				SWIFT_VERSION = 6.0;
				TARGETED_DEVICE_FAMILY = "1,2";
			};
			name = Release;
		};
/* End XCBuildConfiguration section */

/* Begin XCConfigurationList section */
		A10000080000000000000002 /* Build configuration list for PBXProject "AptosWallet" */ = {
			isa = XCConfigurationList;
			buildConfigurations = (
				A1000008000000000000000A /* Debug */,
				A1000008000000000000000B /* Release */,
			);
			defaultConfigurationIsVisible = 0;
			defaultConfigurationName = Release;
		};
		A10000080000000000000003 /* Build configuration list for PBXNativeTarget "AptosWallet" */ = {
			isa = XCConfigurationList;
			buildConfigurations = (
				A1000008000000000000000C /* Debug */,
				A1000008000000000000000D /* Release */,
			);
			defaultConfigurationIsVisible = 0;
			defaultConfigurationName = Release;
		};
/* End XCConfigurationList section */

/* Begin XCLocalSwiftPackageReference section */
		A10000090000000000000001 /* XCLocalSwiftPackageReference "../../" */ = {
			isa = XCLocalSwiftPackageReference;
			relativePath = "../../";
		};
/* End XCLocalSwiftPackageReference section */

/* Begin XCSwiftPackageProductDependency section */
		A1000009000000000000000A /* AptosSDK */ = {
			isa = XCSwiftPackageProductDependency;
			productName = AptosSDK;
		};
/* End XCSwiftPackageProductDependency section */
	};
	rootObject = A10000080000000000000001 /* Project object */;
}
